
Microsoft Visual Studio Solution File, Format Version 12.00
# Visual Studio Version 17
VisualStudioVersion = 17.7.34018.315
MinimumVisualStudioVersion = 10.0.40219.1
Project("{FAE04EC0-301F-11D3-BF4B-00C04F79EFBC}") = "FirstWebAPI", "FirstWebAPI\FirstWebAPI.csproj", "{606BFB1D-261D-4410-9709-3D9FE2337D30}"
EndProject
Global
	GlobalSection(SolutionConfigurationPlatforms) = preSolution
		Debug|Any CPU = Debug|Any CPU
		Release|Any CPU = Release|Any CPU
	EndGlobalSection
	GlobalSection(ProjectConfigurationPlatforms) = postSolution
		{606BFB1D-261D-4410-9709-3D9FE2337D30}.Debug|Any CPU.ActiveCfg = Debug|Any CPU
		{606BFB1D-261D-4410-9709-3D9FE2337D30}.Debug|Any CPU.Build.0 = Debug|Any CPU
		{606BFB1D-261D-4410-9709-3D9FE2337D30}.Release|Any CPU.ActiveCfg = Release|Any CPU
		{606BFB1D-261D-4410-9709-3D9FE2337D30}.Release|Any CPU.Build.0 = Release|Any CPU
	EndGlobalSection
	GlobalSection(SolutionProperties) = preSolution
		HideSolutionNode = FALSE
	EndGlobalSection
	GlobalSection(ExtensibilityGlobals) = postSolution
		SolutionGuid = {1573F63B-93BD-41A9-A19C-F8FF26448BD9}
	EndGlobalSection
EndGlobal
